
Microsoft Visual Studio Solution File, Format Version 12.00
# Visual Studio Version 17
VisualStudioVersion = 17.0.31903.59
MinimumVisualStudioVersion = 10.0.40219.1
Project("{9A19103F-16F7-4668-BE54-9A1E7A4F7556}") = "Single Responsibility", "SOLID Design Principles\Single Responsibility\Single Responsibility.csproj", "{726FE6E4-B895-485E-81C7-65D42EB377F8}"
EndProject
Project("{2150E333-8FDC-42A3-9474-1A3956D46DE8}") = "SOLID Design Principles", "SOLID Design Principles", "{7DF0A48B-419B-4710-B3BA-D87A5BD9551A}"
EndProject
Project("{9A19103F-16F7-4668-BE54-9A1E7A4F7556}") = "Open-Closed", "SOLID Design Principles\Open-Closed\Open-Closed.csproj", "{74C944CD-BFCA-459D-8C72-5DB151BA224B}"
EndProject
Project("{9A19103F-16F7-4668-BE54-9A1E7A4F7556}") = "Liskov Substitution", "SOLID Design Principles\Liskov Substitution\Liskov Substitution.csproj", "{9AF2123A-0736-4DCF-BD52-E89A7DE189C3}"
EndProject
Project("{9A19103F-16F7-4668-BE54-9A1E7A4F7556}") = "Interface Segregation", "SOLID Design Principles\Interface Segregation\Interface Segregation.csproj", "{652E3C30-8537-46F8-A3C9-B6498A699BA9}"
EndProject
Project("{9A19103F-16F7-4668-BE54-9A1E7A4F7556}") = "Dependency Inversion", "SOLID Design Principles\Dependency Inversion\Dependency Inversion.csproj", "{B12309E4-0891-409F-9562-BE35FF6698F3}"
EndProject
Project("{2150E333-8FDC-42A3-9474-1A3956D46DE8}") = "Builder", "Builder", "{1279F548-3245-47AF-A03F-136982438372}"
EndProject
Project("{9A19103F-16F7-4668-BE54-9A1E7A4F7556}") = "FluentBuilder", "Builder\FluentBuilder\FluentBuilder.csproj", "{524878D8-55A8-4A43-9303-C736B3D92E92}"
EndProject
Project("{9A19103F-16F7-4668-BE54-9A1E7A4F7556}") = "HtmlBuilder", "Builder\HtmlBuilder\HtmlBuilder.csproj", "{29547DCB-E211-49BF-A1FB-FA6CB59DFA21}"
EndProject
Project("{9A19103F-16F7-4668-BE54-9A1E7A4F7556}") = "Stepwise Builder", "Builder\Stepwise Builder\Stepwise Builder.csproj", "{FE979471-CA09-4AFC-AA8A-3807F167AD64}"
EndProject
Project("{9A19103F-16F7-4668-BE54-9A1E7A4F7556}") = "FunctionalBuilder", "Builder\FunctionalBuilder\FunctionalBuilder.csproj", "{962F23DF-5AD1-438C-A683-F622E6FFCFDB}"
EndProject
Project("{9A19103F-16F7-4668-BE54-9A1E7A4F7556}") = "FacetedBuilder", "Builder\FacetedBuilder\FacetedBuilder.csproj", "{39330D8C-AB2A-4339-A745-7E859156808C}"
EndProject
Project("{9A19103F-16F7-4668-BE54-9A1E7A4F7556}") = "BuilderExercise", "Builder\BuilderExercise\BuilderExercise.csproj", "{635C1698-3D9F-4BF2-8C03-B811E53DABF4}"
EndProject
Project("{2150E333-8FDC-42A3-9474-1A3956D46DE8}") = "Factory", "Factory", "{C4E304E7-23C5-4319-8EE0-A1186E04F2A3}"
EndProject
Project("{9A19103F-16F7-4668-BE54-9A1E7A4F7556}") = "FactoryMethod", "Factory\FactoryMethod\FactoryMethod.csproj", "{10F5341A-64C2-4590-8555-ED1D641C8010}"
EndProject
Project("{9A19103F-16F7-4668-BE54-9A1E7A4F7556}") = "AsyncFactory", "Factory\AsyncFactory\AsyncFactory.csproj", "{023EA762-1CA7-4B99-8F87-C36F3300EA0C}"
EndProject
Project("{9A19103F-16F7-4668-BE54-9A1E7A4F7556}") = "Object Tracking And Bulk Replacement", "Factory\Object Tracking And Bulk Replacement\Object Tracking And Bulk Replacement.csproj", "{BF8CBE93-55CF-4086-AAD1-70BD5D171868}"
EndProject
Project("{9A19103F-16F7-4668-BE54-9A1E7A4F7556}") = "AbstractFactory", "Factory\AbstractFactory\AbstractFactory.csproj", "{FC4FE6EE-C523-47DC-B2A7-CC6E82CB7BC3}"
EndProject
Project("{9A19103F-16F7-4668-BE54-9A1E7A4F7556}") = "FactoryExercise", "Factory\FactoryExercise\FactoryExercise.csproj", "{6511C1C8-951E-4206-B8E0-0C8DC68A79A6}"
EndProject
Project("{2150E333-8FDC-42A3-9474-1A3956D46DE8}") = "Prototype", "Prototype", "{7FE6510F-06AA-4012-8575-5F510675D20F}"
EndProject
Project("{9A19103F-16F7-4668-BE54-9A1E7A4F7556}") = "Prototype", "Prototype\Prototype\Prototype.csproj", "{2B2C2F7E-B66C-40D2-A5A5-16E8DF780389}"
EndProject
Project("{9A19103F-16F7-4668-BE54-9A1E7A4F7556}") = "PrototypeInheritance", "Prototype\PrototypeInheritance\PrototypeInheritance.csproj", "{BA653545-6F95-49C8-A5F8-7E7DC01D5DC9}"
EndProject
Project("{9A19103F-16F7-4668-BE54-9A1E7A4F7556}") = "PrototypeExercise", "Prototype\PrototypeExercise\PrototypeExercise.csproj", "{3D2B7AFE-630C-4BC6-B20C-6326F93FD5E4}"
EndProject
Project("{2150E333-8FDC-42A3-9474-1A3956D46DE8}") = "Singleton", "Singleton", "{C96D3D17-9FA5-4F9E-ABCD-9C0C369CC3F8}"
EndProject
Project("{9A19103F-16F7-4668-BE54-9A1E7A4F7556}") = "SingletonImplementation", "Singleton\SingletonImplementation\SingletonImplementation.csproj", "{D54E70D9-2BCF-4F46-9B9D-77FC48E6F110}"
EndProject
Project("{9A19103F-16F7-4668-BE54-9A1E7A4F7556}") = "Monostate", "Singleton\Monostate\Monostate.csproj", "{F04EFAA7-DCF9-4AFD-9B77-317F7AAC2472}"
EndProject
Project("{9A19103F-16F7-4668-BE54-9A1E7A4F7556}") = "PerThreadSingleton", "Singleton\PerThreadSingleton\PerThreadSingleton.csproj", "{B968847A-BB92-46EE-A8C4-B119F0DD72E8}"
EndProject
Project("{9A19103F-16F7-4668-BE54-9A1E7A4F7556}") = "AmbientContext", "Singleton\AmbientContext\AmbientContext.csproj", "{30222B8B-1268-46DB-B4B7-286C067A7C84}"
EndProject
Project("{2150E333-8FDC-42A3-9474-1A3956D46DE8}") = "Adapter", "Adapter", "{E1DFE9E7-BB81-4AB7-93C3-1793F222D392}"
EndProject
Project("{9A19103F-16F7-4668-BE54-9A1E7A4F7556}") = "VectorAndRasterDemo", "Adapter\VectorAndRasterDemo\VectorAndRasterDemo.csproj", "{C215238B-4082-4D7E-B18F-278CE7176AEE}"
EndProject
Project("{9A19103F-16F7-4668-BE54-9A1E7A4F7556}") = "DIAdapter", "Adapter\DIAdapter\DIAdapter.csproj", "{EB3ED159-C53D-4C10-892E-14D1051516C6}"
EndProject
Project("{2150E333-8FDC-42A3-9474-1A3956D46DE8}") = "Bridge", "Bridge", "{2211BC8B-7217-4F9E-B88D-FB7B2E377242}"
EndProject
Project("{9A19103F-16F7-4668-BE54-9A1E7A4F7556}") = "BridgePattern", "Bridge\BridgePattern\BridgePattern.csproj", "{5DB7C95B-9205-40C7-9BC8-8213EA8F7BFF}"
EndProject
Project("{2150E333-8FDC-42A3-9474-1A3956D46DE8}") = "Composite", "Composite", "{9C0BFCD5-0D4D-400E-9519-6420685C5A38}"
EndProject
Project("{9A19103F-16F7-4668-BE54-9A1E7A4F7556}") = "GeometricShapes", "Composite\GeometricShapes\GeometricShapes.csproj", "{EF6F5E68-9A9C-4F0B-8734-4CAD15E4FED5}"
EndProject
Project("{9A19103F-16F7-4668-BE54-9A1E7A4F7556}") = "NeuralNetworks", "Composite\NeuralNetworks\NeuralNetworks.csproj", "{E3DF8D37-66C5-4735-84EF-BA7C5B7EBC24}"
EndProject
Project("{9A19103F-16F7-4668-BE54-9A1E7A4F7556}") = "BasicCompositeExample", "Composite\BasicCompositeExample\BasicCompositeExample.csproj", "{85688A25-6D96-4755-910C-43B5D88F1B75}"
EndProject
Project("{2150E333-8FDC-42A3-9474-1A3956D46DE8}") = "Decorator", "Decorator", "{500D6C13-9FD9-4B10-A5CF-33E1DA550284}"
EndProject
Project("{9A19103F-16F7-4668-BE54-9A1E7A4F7556}") = "CustomStringBuilder", "Decorator\CustomStringBuilder\CustomStringBuilder.csproj", "{76D05CB8-6621-40F3-95C1-6913DD6C4FE6}"
EndProject
Project("{9A19103F-16F7-4668-BE54-9A1E7A4F7556}") = "Adapter-Decorator", "Decorator\Adapter-Decorator\Adapter-Decorator.csproj", "{34652167-3F26-46FA-9B14-A2C9E8D384FC}"
EndProject
Project("{9A19103F-16F7-4668-BE54-9A1E7A4F7556}") = "MultipleInterfaceInheritance", "Decorator\MultipleInterfaceInheritance\MultipleInterfaceInheritance.csproj", "{2A43D2CB-7953-41E3-B825-69BA09EC091D}"
EndProject
Project("{9A19103F-16F7-4668-BE54-9A1E7A4F7556}") = "Multiple-Inheritance-With-Default-Interface-Members", "Decorator\Multiple-Inheritance-With-Default-Interface-Members\Multiple-Inheritance-With-Default-Interface-Members.csproj", "{C84D7754-B4F2-4730-B3ED-F832D8AFCE8A}"
EndProject
Project("{9A19103F-16F7-4668-BE54-9A1E7A4F7556}") = "DynamicDecoratorComposition", "Decorator\DynamicDecoratorComposition\DynamicDecoratorComposition.csproj", "{3E020983-377E-42AF-BFE7-F36FAFB4C31C}"
EndProject
Project("{9A19103F-16F7-4668-BE54-9A1E7A4F7556}") = "StaticDecoratorComposition", "Decorator\StaticDecoratorComposition\StaticDecoratorComposition.csproj", "{395438A4-1102-4B09-B1CC-06142FDD6535}"
EndProject
Project("{9A19103F-16F7-4668-BE54-9A1E7A4F7556}") = "DIDecorator", "Decorator\DIDecorator\DIDecorator.csproj", "{0D02762C-5EB0-467A-907A-E5E2D8E4BD63}"
EndProject
Project("{2150E333-8FDC-42A3-9474-1A3956D46DE8}") = "Flyweight", "Flyweight", "{C9DB30E9-A61F-471C-9AAB-428A3B1C3A12}"
EndProject
Project("{9A19103F-16F7-4668-BE54-9A1E7A4F7556}") = "RepeatingUsernames", "Flyweight\RepeatingUsernames\RepeatingUsernames.csproj", "{01E1BED5-783D-4C43-83A5-1DED04BA1599}"
EndProject
Project("{9A19103F-16F7-4668-BE54-9A1E7A4F7556}") = "TextFormatting", "Flyweight\TextFormatting\TextFormatting.csproj", "{E2678D81-D6C7-4228-A853-C913CCDB1982}"
EndProject
Project("{9A19103F-16F7-4668-BE54-9A1E7A4F7556}") = "FlyweightExercise", "Flyweight\FlyweightExercise\FlyweightExercise.csproj", "{7B735931-E8AA-4053-93DD-24D64151C8B5}"
EndProject
Project("{2150E333-8FDC-42A3-9474-1A3956D46DE8}") = "Proxy", "Proxy", "{DC9B2F39-36E1-410E-910C-AF9C0F7EB3CF}"
EndProject
Project("{9A19103F-16F7-4668-BE54-9A1E7A4F7556}") = "ProtectionProxy", "Proxy\ProtectionProxy\ProtectionProxy.csproj", "{396207D7-E964-4725-AAD6-A0EB973C49BB}"
EndProject
Project("{9A19103F-16F7-4668-BE54-9A1E7A4F7556}") = "PropertyProxy", "Proxy\PropertyProxy\PropertyProxy.csproj", "{48ADFEDF-4C79-42A2-A0C6-BC7DD696C1A9}"
EndProject
Project("{9A19103F-16F7-4668-BE54-9A1E7A4F7556}") = "ValueProxy", "Proxy\ValueProxy\ValueProxy.csproj", "{D578171C-F827-45A7-8C49-B959934796F9}"
EndProject
Project("{9A19103F-16F7-4668-BE54-9A1E7A4F7556}") = "CompositeProxy-AoS-or-SoA", "Proxy\CompositeProxy-AoS-or-SoA\CompositeProxy-AoS-or-SoA.csproj", "{5FB6AC2A-23FA-4A95-8A37-9837B0366626}"
EndProject
Project("{9A19103F-16F7-4668-BE54-9A1E7A4F7556}") = "CompositeProxy-With-Array-Backed-Properties", "Proxy\CompositeProxy-With-Array-Backed-Properties\CompositeProxy-With-Array-Backed-Properties.csproj", "{3CB66C25-EE7A-4E45-ADF6-0AED586C87E6}"
EndProject
Project("{FAE04EC0-301F-11D3-BF4B-00C04F79EFBC}") = "ViewModel", "Proxy\ViewModel\ViewModel.csproj", "{E38B4835-942F-4084-A5DD-824430FAA2DF}"
EndProject
Project("{2150E333-8FDC-42A3-9474-1A3956D46DE8}") = "Chain of Responsibility", "Chain of Responsibility", "{F3759490-DD90-40CB-9534-529256B13C3D}"
EndProject
Project("{FAE04EC0-301F-11D3-BF4B-00C04F79EFBC}") = "MethodChain", "Chain of Responsibility\MethodChain\MethodChain.csproj", "{03C19998-0B17-4D37-BE37-7009A2A8DE1D}"
EndProject
Project("{FAE04EC0-301F-11D3-BF4B-00C04F79EFBC}") = "BrokerChain", "Chain of Responsibility\BrokerChain\BrokerChain.csproj", "{C7ADD191-1064-412E-A39F-B26247678B2D}"
EndProject
Project("{2150E333-8FDC-42A3-9474-1A3956D46DE8}") = "Command", "Command", "{E36DEC55-5A61-485C-9BF3-B9BB0ACF604F}"
EndProject
Project("{FAE04EC0-301F-11D3-BF4B-00C04F79EFBC}") = "CommandPattern", "Command\CommandPattern\CommandPattern.csproj", "{0537DFE1-E264-4E8F-9632-5B7563EC5438}"
EndProject
Project("{FAE04EC0-301F-11D3-BF4B-00C04F79EFBC}") = "UndoOperations", "Command\UndoOperations\UndoOperations.csproj", "{7540B41F-45C2-4361-BFA7-159A1773B4D2}"
EndProject
Project("{2150E333-8FDC-42A3-9474-1A3956D46DE8}") = "Interpreter", "Interpreter", "{939AB87B-AD3A-4EDB-82ED-B13E5CE1B326}"
EndProject
Project("{FAE04EC0-301F-11D3-BF4B-00C04F79EFBC}") = "HandmadeInterpreter-Lexing", "Interpreter\HandmadeInterpreter-Lexing\HandmadeInterpreter-Lexing.csproj", "{DAC8A296-1314-45B8-A288-73ACA1A18C77}"
EndProject
Project("{FAE04EC0-301F-11D3-BF4B-00C04F79EFBC}") = "HandmadeInterpreter-Parsing", "Interpreter\HandmadeInterpreter-Parsing\HandmadeInterpreter-Parsing.csproj", "{D5C99209-3D2D-42C4-B649-21AA0BE25A9A}"
EndProject
Project("{2150E333-8FDC-42A3-9474-1A3956D46DE8}") = "Iterator", "Iterator", "{E73973E2-6CE5-4A27-8AD7-F787FEBE259D}"
EndProject
Project("{FAE04EC0-301F-11D3-BF4B-00C04F79EFBC}") = "IteratorObject", "Iterator\IteratorObject\IteratorObject.csproj", "{2C927194-8F48-448E-A8D3-07E68A5DCAF7}"
EndProject
Project("{FAE04EC0-301F-11D3-BF4B-00C04F79EFBC}") = "IteratorMethod", "Iterator\IteratorMethod\IteratorMethod.csproj", "{D513D1C9-844E-48DB-ACF1-5471F526899E}"
EndProject
Project("{FAE04EC0-301F-11D3-BF4B-00C04F79EFBC}") = "Array-BackedProperties", "Iterator\Array-BackedProperties\Array-BackedProperties.csproj", "{B6E875F5-C8F0-4DBA-851C-8328AADE789D}"
EndProject
Project("{FAE04EC0-301F-11D3-BF4B-00C04F79EFBC}") = "PreOrder", "Iterator\PreOrder\PreOrder.csproj", "{C58DD292-300A-4F34-A18D-C28E711A4412}"
EndProject
Project("{2150E333-8FDC-42A3-9474-1A3956D46DE8}") = "Mediator", "Mediator", "{6108DEEF-72C4-4DEB-8213-89017FFE23E4}"
EndProject
Project("{FAE04EC0-301F-11D3-BF4B-00C04F79EFBC}") = "ChatRoom", "Mediator\ChatRoom\ChatRoom.csproj", "{1B891A52-85AF-42AF-A231-2A50F1933611}"
EndProject
Project("{FAE04EC0-301F-11D3-BF4B-00C04F79EFBC}") = "EventBroker", "Mediator\EventBroker\EventBroker.csproj", "{C3E8063C-1609-4050-95AC-957A543A8222}"
EndProject
Project("{2150E333-8FDC-42A3-9474-1A3956D46DE8}") = "Memento", "Memento", "{75A973A9-81E6-4EDF-B3ED-E2598F9B16CE}"
EndProject
Project("{FAE04EC0-301F-11D3-BF4B-00C04F79EFBC}") = "MementoExample", "Memento\MementoExample\MementoExample.csproj", "{66845AA2-67A4-4D13-954E-EBC1815F9C8A}"
EndProject
Project("{FAE04EC0-301F-11D3-BF4B-00C04F79EFBC}") = "UndoAndRedo", "Memento\UndoAndRedo\UndoAndRedo.csproj", "{B1997C89-B7DE-4396-B67E-D79B016FE07D}"
EndProject
Global
	GlobalSection(SolutionConfigurationPlatforms) = preSolution
		Debug|Any CPU = Debug|Any CPU
		Release|Any CPU = Release|Any CPU
	EndGlobalSection
	GlobalSection(ProjectConfigurationPlatforms) = postSolution
		{726FE6E4-B895-485E-81C7-65D42EB377F8}.Debug|Any CPU.ActiveCfg = Debug|Any CPU
		{726FE6E4-B895-485E-81C7-65D42EB377F8}.Debug|Any CPU.Build.0 = Debug|Any CPU
		{726FE6E4-B895-485E-81C7-65D42EB377F8}.Release|Any CPU.ActiveCfg = Release|Any CPU
		{726FE6E4-B895-485E-81C7-65D42EB377F8}.Release|Any CPU.Build.0 = Release|Any CPU
		{74C944CD-BFCA-459D-8C72-5DB151BA224B}.Debug|Any CPU.ActiveCfg = Debug|Any CPU
		{74C944CD-BFCA-459D-8C72-5DB151BA224B}.Debug|Any CPU.Build.0 = Debug|Any CPU
		{74C944CD-BFCA-459D-8C72-5DB151BA224B}.Release|Any CPU.ActiveCfg = Release|Any CPU
		{74C944CD-BFCA-459D-8C72-5DB151BA224B}.Release|Any CPU.Build.0 = Release|Any CPU
		{9AF2123A-0736-4DCF-BD52-E89A7DE189C3}.Debug|Any CPU.ActiveCfg = Debug|Any CPU
		{9AF2123A-0736-4DCF-BD52-E89A7DE189C3}.Debug|Any CPU.Build.0 = Debug|Any CPU
		{9AF2123A-0736-4DCF-BD52-E89A7DE189C3}.Release|Any CPU.ActiveCfg = Release|Any CPU
		{9AF2123A-0736-4DCF-BD52-E89A7DE189C3}.Release|Any CPU.Build.0 = Release|Any CPU
		{652E3C30-8537-46F8-A3C9-B6498A699BA9}.Debug|Any CPU.ActiveCfg = Debug|Any CPU
		{652E3C30-8537-46F8-A3C9-B6498A699BA9}.Debug|Any CPU.Build.0 = Debug|Any CPU
		{652E3C30-8537-46F8-A3C9-B6498A699BA9}.Release|Any CPU.ActiveCfg = Release|Any CPU
		{652E3C30-8537-46F8-A3C9-B6498A699BA9}.Release|Any CPU.Build.0 = Release|Any CPU
		{B12309E4-0891-409F-9562-BE35FF6698F3}.Debug|Any CPU.ActiveCfg = Debug|Any CPU
		{B12309E4-0891-409F-9562-BE35FF6698F3}.Debug|Any CPU.Build.0 = Debug|Any CPU
		{B12309E4-0891-409F-9562-BE35FF6698F3}.Release|Any CPU.ActiveCfg = Release|Any CPU
		{B12309E4-0891-409F-9562-BE35FF6698F3}.Release|Any CPU.Build.0 = Release|Any CPU
		{524878D8-55A8-4A43-9303-C736B3D92E92}.Debug|Any CPU.ActiveCfg = Debug|Any CPU
		{524878D8-55A8-4A43-9303-C736B3D92E92}.Debug|Any CPU.Build.0 = Debug|Any CPU
		{524878D8-55A8-4A43-9303-C736B3D92E92}.Release|Any CPU.ActiveCfg = Release|Any CPU
		{524878D8-55A8-4A43-9303-C736B3D92E92}.Release|Any CPU.Build.0 = Release|Any CPU
		{29547DCB-E211-49BF-A1FB-FA6CB59DFA21}.Debug|Any CPU.ActiveCfg = Debug|Any CPU
		{29547DCB-E211-49BF-A1FB-FA6CB59DFA21}.Debug|Any CPU.Build.0 = Debug|Any CPU
		{29547DCB-E211-49BF-A1FB-FA6CB59DFA21}.Release|Any CPU.ActiveCfg = Release|Any CPU
		{29547DCB-E211-49BF-A1FB-FA6CB59DFA21}.Release|Any CPU.Build.0 = Release|Any CPU
		{FE979471-CA09-4AFC-AA8A-3807F167AD64}.Debug|Any CPU.ActiveCfg = Debug|Any CPU
		{FE979471-CA09-4AFC-AA8A-3807F167AD64}.Debug|Any CPU.Build.0 = Debug|Any CPU
		{FE979471-CA09-4AFC-AA8A-3807F167AD64}.Release|Any CPU.ActiveCfg = Release|Any CPU
		{FE979471-CA09-4AFC-AA8A-3807F167AD64}.Release|Any CPU.Build.0 = Release|Any CPU
		{962F23DF-5AD1-438C-A683-F622E6FFCFDB}.Debug|Any CPU.ActiveCfg = Debug|Any CPU
		{962F23DF-5AD1-438C-A683-F622E6FFCFDB}.Debug|Any CPU.Build.0 = Debug|Any CPU
		{962F23DF-5AD1-438C-A683-F622E6FFCFDB}.Release|Any CPU.ActiveCfg = Release|Any CPU
		{962F23DF-5AD1-438C-A683-F622E6FFCFDB}.Release|Any CPU.Build.0 = Release|Any CPU
		{39330D8C-AB2A-4339-A745-7E859156808C}.Debug|Any CPU.ActiveCfg = Debug|Any CPU
		{39330D8C-AB2A-4339-A745-7E859156808C}.Debug|Any CPU.Build.0 = Debug|Any CPU
		{39330D8C-AB2A-4339-A745-7E859156808C}.Release|Any CPU.ActiveCfg = Release|Any CPU
		{39330D8C-AB2A-4339-A745-7E859156808C}.Release|Any CPU.Build.0 = Release|Any CPU
		{635C1698-3D9F-4BF2-8C03-B811E53DABF4}.Debug|Any CPU.ActiveCfg = Debug|Any CPU
		{635C1698-3D9F-4BF2-8C03-B811E53DABF4}.Debug|Any CPU.Build.0 = Debug|Any CPU
		{635C1698-3D9F-4BF2-8C03-B811E53DABF4}.Release|Any CPU.ActiveCfg = Release|Any CPU
		{635C1698-3D9F-4BF2-8C03-B811E53DABF4}.Release|Any CPU.Build.0 = Release|Any CPU
		{10F5341A-64C2-4590-8555-ED1D641C8010}.Debug|Any CPU.ActiveCfg = Debug|Any CPU
		{10F5341A-64C2-4590-8555-ED1D641C8010}.Debug|Any CPU.Build.0 = Debug|Any CPU
		{10F5341A-64C2-4590-8555-ED1D641C8010}.Release|Any CPU.ActiveCfg = Release|Any CPU
		{10F5341A-64C2-4590-8555-ED1D641C8010}.Release|Any CPU.Build.0 = Release|Any CPU
		{023EA762-1CA7-4B99-8F87-C36F3300EA0C}.Debug|Any CPU.ActiveCfg = Debug|Any CPU
		{023EA762-1CA7-4B99-8F87-C36F3300EA0C}.Debug|Any CPU.Build.0 = Debug|Any CPU
		{023EA762-1CA7-4B99-8F87-C36F3300EA0C}.Release|Any CPU.ActiveCfg = Release|Any CPU
		{023EA762-1CA7-4B99-8F87-C36F3300EA0C}.Release|Any CPU.Build.0 = Release|Any CPU
		{BF8CBE93-55CF-4086-AAD1-70BD5D171868}.Debug|Any CPU.ActiveCfg = Debug|Any CPU
		{BF8CBE93-55CF-4086-AAD1-70BD5D171868}.Debug|Any CPU.Build.0 = Debug|Any CPU
		{BF8CBE93-55CF-4086-AAD1-70BD5D171868}.Release|Any CPU.ActiveCfg = Release|Any CPU
		{BF8CBE93-55CF-4086-AAD1-70BD5D171868}.Release|Any CPU.Build.0 = Release|Any CPU
		{FC4FE6EE-C523-47DC-B2A7-CC6E82CB7BC3}.Debug|Any CPU.ActiveCfg = Debug|Any CPU
		{FC4FE6EE-C523-47DC-B2A7-CC6E82CB7BC3}.Debug|Any CPU.Build.0 = Debug|Any CPU
		{FC4FE6EE-C523-47DC-B2A7-CC6E82CB7BC3}.Release|Any CPU.ActiveCfg = Release|Any CPU
		{FC4FE6EE-C523-47DC-B2A7-CC6E82CB7BC3}.Release|Any CPU.Build.0 = Release|Any CPU
		{6511C1C8-951E-4206-B8E0-0C8DC68A79A6}.Debug|Any CPU.ActiveCfg = Debug|Any CPU
		{6511C1C8-951E-4206-B8E0-0C8DC68A79A6}.Debug|Any CPU.Build.0 = Debug|Any CPU
		{6511C1C8-951E-4206-B8E0-0C8DC68A79A6}.Release|Any CPU.ActiveCfg = Release|Any CPU
		{6511C1C8-951E-4206-B8E0-0C8DC68A79A6}.Release|Any CPU.Build.0 = Release|Any CPU
		{2B2C2F7E-B66C-40D2-A5A5-16E8DF780389}.Debug|Any CPU.ActiveCfg = Debug|Any CPU
		{2B2C2F7E-B66C-40D2-A5A5-16E8DF780389}.Debug|Any CPU.Build.0 = Debug|Any CPU
		{2B2C2F7E-B66C-40D2-A5A5-16E8DF780389}.Release|Any CPU.ActiveCfg = Release|Any CPU
		{2B2C2F7E-B66C-40D2-A5A5-16E8DF780389}.Release|Any CPU.Build.0 = Release|Any CPU
		{BA653545-6F95-49C8-A5F8-7E7DC01D5DC9}.Debug|Any CPU.ActiveCfg = Debug|Any CPU
		{BA653545-6F95-49C8-A5F8-7E7DC01D5DC9}.Debug|Any CPU.Build.0 = Debug|Any CPU
		{BA653545-6F95-49C8-A5F8-7E7DC01D5DC9}.Release|Any CPU.ActiveCfg = Release|Any CPU
		{BA653545-6F95-49C8-A5F8-7E7DC01D5DC9}.Release|Any CPU.Build.0 = Release|Any CPU
		{3D2B7AFE-630C-4BC6-B20C-6326F93FD5E4}.Debug|Any CPU.ActiveCfg = Debug|Any CPU
		{3D2B7AFE-630C-4BC6-B20C-6326F93FD5E4}.Debug|Any CPU.Build.0 = Debug|Any CPU
		{3D2B7AFE-630C-4BC6-B20C-6326F93FD5E4}.Release|Any CPU.ActiveCfg = Release|Any CPU
		{3D2B7AFE-630C-4BC6-B20C-6326F93FD5E4}.Release|Any CPU.Build.0 = Release|Any CPU
		{D54E70D9-2BCF-4F46-9B9D-77FC48E6F110}.Debug|Any CPU.ActiveCfg = Debug|Any CPU
		{D54E70D9-2BCF-4F46-9B9D-77FC48E6F110}.Debug|Any CPU.Build.0 = Debug|Any CPU
		{D54E70D9-2BCF-4F46-9B9D-77FC48E6F110}.Release|Any CPU.ActiveCfg = Release|Any CPU
		{D54E70D9-2BCF-4F46-9B9D-77FC48E6F110}.Release|Any CPU.Build.0 = Release|Any CPU
		{F04EFAA7-DCF9-4AFD-9B77-317F7AAC2472}.Debug|Any CPU.ActiveCfg = Debug|Any CPU
		{F04EFAA7-DCF9-4AFD-9B77-317F7AAC2472}.Debug|Any CPU.Build.0 = Debug|Any CPU
		{F04EFAA7-DCF9-4AFD-9B77-317F7AAC2472}.Release|Any CPU.ActiveCfg = Release|Any CPU
		{F04EFAA7-DCF9-4AFD-9B77-317F7AAC2472}.Release|Any CPU.Build.0 = Release|Any CPU
		{B968847A-BB92-46EE-A8C4-B119F0DD72E8}.Debug|Any CPU.ActiveCfg = Debug|Any CPU
		{B968847A-BB92-46EE-A8C4-B119F0DD72E8}.Debug|Any CPU.Build.0 = Debug|Any CPU
		{B968847A-BB92-46EE-A8C4-B119F0DD72E8}.Release|Any CPU.ActiveCfg = Release|Any CPU
		{B968847A-BB92-46EE-A8C4-B119F0DD72E8}.Release|Any CPU.Build.0 = Release|Any CPU
		{30222B8B-1268-46DB-B4B7-286C067A7C84}.Debug|Any CPU.ActiveCfg = Debug|Any CPU
		{30222B8B-1268-46DB-B4B7-286C067A7C84}.Debug|Any CPU.Build.0 = Debug|Any CPU
		{30222B8B-1268-46DB-B4B7-286C067A7C84}.Release|Any CPU.ActiveCfg = Release|Any CPU
		{30222B8B-1268-46DB-B4B7-286C067A7C84}.Release|Any CPU.Build.0 = Release|Any CPU
		{C215238B-4082-4D7E-B18F-278CE7176AEE}.Debug|Any CPU.ActiveCfg = Debug|Any CPU
		{C215238B-4082-4D7E-B18F-278CE7176AEE}.Debug|Any CPU.Build.0 = Debug|Any CPU
		{C215238B-4082-4D7E-B18F-278CE7176AEE}.Release|Any CPU.ActiveCfg = Release|Any CPU
		{C215238B-4082-4D7E-B18F-278CE7176AEE}.Release|Any CPU.Build.0 = Release|Any CPU
		{EB3ED159-C53D-4C10-892E-14D1051516C6}.Debug|Any CPU.ActiveCfg = Debug|Any CPU
		{EB3ED159-C53D-4C10-892E-14D1051516C6}.Debug|Any CPU.Build.0 = Debug|Any CPU
		{EB3ED159-C53D-4C10-892E-14D1051516C6}.Release|Any CPU.ActiveCfg = Release|Any CPU
		{EB3ED159-C53D-4C10-892E-14D1051516C6}.Release|Any CPU.Build.0 = Release|Any CPU
		{5DB7C95B-9205-40C7-9BC8-8213EA8F7BFF}.Debug|Any CPU.ActiveCfg = Debug|Any CPU
		{5DB7C95B-9205-40C7-9BC8-8213EA8F7BFF}.Debug|Any CPU.Build.0 = Debug|Any CPU
		{5DB7C95B-9205-40C7-9BC8-8213EA8F7BFF}.Release|Any CPU.ActiveCfg = Release|Any CPU
		{5DB7C95B-9205-40C7-9BC8-8213EA8F7BFF}.Release|Any CPU.Build.0 = Release|Any CPU
		{EF6F5E68-9A9C-4F0B-8734-4CAD15E4FED5}.Debug|Any CPU.ActiveCfg = Debug|Any CPU
		{EF6F5E68-9A9C-4F0B-8734-4CAD15E4FED5}.Debug|Any CPU.Build.0 = Debug|Any CPU
		{EF6F5E68-9A9C-4F0B-8734-4CAD15E4FED5}.Release|Any CPU.ActiveCfg = Release|Any CPU
		{EF6F5E68-9A9C-4F0B-8734-4CAD15E4FED5}.Release|Any CPU.Build.0 = Release|Any CPU
		{E3DF8D37-66C5-4735-84EF-BA7C5B7EBC24}.Debug|Any CPU.ActiveCfg = Debug|Any CPU
		{E3DF8D37-66C5-4735-84EF-BA7C5B7EBC24}.Debug|Any CPU.Build.0 = Debug|Any CPU
		{E3DF8D37-66C5-4735-84EF-BA7C5B7EBC24}.Release|Any CPU.ActiveCfg = Release|Any CPU
		{E3DF8D37-66C5-4735-84EF-BA7C5B7EBC24}.Release|Any CPU.Build.0 = Release|Any CPU
		{85688A25-6D96-4755-910C-43B5D88F1B75}.Debug|Any CPU.ActiveCfg = Debug|Any CPU
		{85688A25-6D96-4755-910C-43B5D88F1B75}.Debug|Any CPU.Build.0 = Debug|Any CPU
		{85688A25-6D96-4755-910C-43B5D88F1B75}.Release|Any CPU.ActiveCfg = Release|Any CPU
		{85688A25-6D96-4755-910C-43B5D88F1B75}.Release|Any CPU.Build.0 = Release|Any CPU
		{76D05CB8-6621-40F3-95C1-6913DD6C4FE6}.Debug|Any CPU.ActiveCfg = Debug|Any CPU
		{76D05CB8-6621-40F3-95C1-6913DD6C4FE6}.Debug|Any CPU.Build.0 = Debug|Any CPU
		{76D05CB8-6621-40F3-95C1-6913DD6C4FE6}.Release|Any CPU.ActiveCfg = Release|Any CPU
		{76D05CB8-6621-40F3-95C1-6913DD6C4FE6}.Release|Any CPU.Build.0 = Release|Any CPU
		{34652167-3F26-46FA-9B14-A2C9E8D384FC}.Debug|Any CPU.ActiveCfg = Debug|Any CPU
		{34652167-3F26-46FA-9B14-A2C9E8D384FC}.Debug|Any CPU.Build.0 = Debug|Any CPU
		{34652167-3F26-46FA-9B14-A2C9E8D384FC}.Release|Any CPU.ActiveCfg = Release|Any CPU
		{34652167-3F26-46FA-9B14-A2C9E8D384FC}.Release|Any CPU.Build.0 = Release|Any CPU
		{2A43D2CB-7953-41E3-B825-69BA09EC091D}.Debug|Any CPU.ActiveCfg = Debug|Any CPU
		{2A43D2CB-7953-41E3-B825-69BA09EC091D}.Debug|Any CPU.Build.0 = Debug|Any CPU
		{2A43D2CB-7953-41E3-B825-69BA09EC091D}.Release|Any CPU.ActiveCfg = Release|Any CPU
		{2A43D2CB-7953-41E3-B825-69BA09EC091D}.Release|Any CPU.Build.0 = Release|Any CPU
		{C84D7754-B4F2-4730-B3ED-F832D8AFCE8A}.Debug|Any CPU.ActiveCfg = Debug|Any CPU
		{C84D7754-B4F2-4730-B3ED-F832D8AFCE8A}.Debug|Any CPU.Build.0 = Debug|Any CPU
		{C84D7754-B4F2-4730-B3ED-F832D8AFCE8A}.Release|Any CPU.ActiveCfg = Release|Any CPU
		{C84D7754-B4F2-4730-B3ED-F832D8AFCE8A}.Release|Any CPU.Build.0 = Release|Any CPU
		{3E020983-377E-42AF-BFE7-F36FAFB4C31C}.Debug|Any CPU.ActiveCfg = Debug|Any CPU
		{3E020983-377E-42AF-BFE7-F36FAFB4C31C}.Debug|Any CPU.Build.0 = Debug|Any CPU
		{3E020983-377E-42AF-BFE7-F36FAFB4C31C}.Release|Any CPU.ActiveCfg = Release|Any CPU
		{3E020983-377E-42AF-BFE7-F36FAFB4C31C}.Release|Any CPU.Build.0 = Release|Any CPU
		{395438A4-1102-4B09-B1CC-06142FDD6535}.Debug|Any CPU.ActiveCfg = Debug|Any CPU
		{395438A4-1102-4B09-B1CC-06142FDD6535}.Debug|Any CPU.Build.0 = Debug|Any CPU
		{395438A4-1102-4B09-B1CC-06142FDD6535}.Release|Any CPU.ActiveCfg = Release|Any CPU
		{395438A4-1102-4B09-B1CC-06142FDD6535}.Release|Any CPU.Build.0 = Release|Any CPU
		{0D02762C-5EB0-467A-907A-E5E2D8E4BD63}.Debug|Any CPU.ActiveCfg = Debug|Any CPU
		{0D02762C-5EB0-467A-907A-E5E2D8E4BD63}.Debug|Any CPU.Build.0 = Debug|Any CPU
		{0D02762C-5EB0-467A-907A-E5E2D8E4BD63}.Release|Any CPU.ActiveCfg = Release|Any CPU
		{0D02762C-5EB0-467A-907A-E5E2D8E4BD63}.Release|Any CPU.Build.0 = Release|Any CPU
		{01E1BED5-783D-4C43-83A5-1DED04BA1599}.Debug|Any CPU.ActiveCfg = Debug|Any CPU
		{01E1BED5-783D-4C43-83A5-1DED04BA1599}.Debug|Any CPU.Build.0 = Debug|Any CPU
		{01E1BED5-783D-4C43-83A5-1DED04BA1599}.Release|Any CPU.ActiveCfg = Release|Any CPU
		{01E1BED5-783D-4C43-83A5-1DED04BA1599}.Release|Any CPU.Build.0 = Release|Any CPU
		{E2678D81-D6C7-4228-A853-C913CCDB1982}.Debug|Any CPU.ActiveCfg = Debug|Any CPU
		{E2678D81-D6C7-4228-A853-C913CCDB1982}.Debug|Any CPU.Build.0 = Debug|Any CPU
		{E2678D81-D6C7-4228-A853-C913CCDB1982}.Release|Any CPU.ActiveCfg = Release|Any CPU
		{E2678D81-D6C7-4228-A853-C913CCDB1982}.Release|Any CPU.Build.0 = Release|Any CPU
		{7B735931-E8AA-4053-93DD-24D64151C8B5}.Debug|Any CPU.ActiveCfg = Debug|Any CPU
		{7B735931-E8AA-4053-93DD-24D64151C8B5}.Debug|Any CPU.Build.0 = Debug|Any CPU
		{7B735931-E8AA-4053-93DD-24D64151C8B5}.Release|Any CPU.ActiveCfg = Release|Any CPU
		{7B735931-E8AA-4053-93DD-24D64151C8B5}.Release|Any CPU.Build.0 = Release|Any CPU
		{396207D7-E964-4725-AAD6-A0EB973C49BB}.Debug|Any CPU.ActiveCfg = Debug|Any CPU
		{396207D7-E964-4725-AAD6-A0EB973C49BB}.Debug|Any CPU.Build.0 = Debug|Any CPU
		{396207D7-E964-4725-AAD6-A0EB973C49BB}.Release|Any CPU.ActiveCfg = Release|Any CPU
		{396207D7-E964-4725-AAD6-A0EB973C49BB}.Release|Any CPU.Build.0 = Release|Any CPU
		{48ADFEDF-4C79-42A2-A0C6-BC7DD696C1A9}.Debug|Any CPU.ActiveCfg = Debug|Any CPU
		{48ADFEDF-4C79-42A2-A0C6-BC7DD696C1A9}.Debug|Any CPU.Build.0 = Debug|Any CPU
		{48ADFEDF-4C79-42A2-A0C6-BC7DD696C1A9}.Release|Any CPU.ActiveCfg = Release|Any CPU
		{48ADFEDF-4C79-42A2-A0C6-BC7DD696C1A9}.Release|Any CPU.Build.0 = Release|Any CPU
		{D578171C-F827-45A7-8C49-B959934796F9}.Debug|Any CPU.ActiveCfg = Debug|Any CPU
		{D578171C-F827-45A7-8C49-B959934796F9}.Debug|Any CPU.Build.0 = Debug|Any CPU
		{D578171C-F827-45A7-8C49-B959934796F9}.Release|Any CPU.ActiveCfg = Release|Any CPU
		{D578171C-F827-45A7-8C49-B959934796F9}.Release|Any CPU.Build.0 = Release|Any CPU
		{5FB6AC2A-23FA-4A95-8A37-9837B0366626}.Debug|Any CPU.ActiveCfg = Debug|Any CPU
		{5FB6AC2A-23FA-4A95-8A37-9837B0366626}.Debug|Any CPU.Build.0 = Debug|Any CPU
		{5FB6AC2A-23FA-4A95-8A37-9837B0366626}.Release|Any CPU.ActiveCfg = Release|Any CPU
		{5FB6AC2A-23FA-4A95-8A37-9837B0366626}.Release|Any CPU.Build.0 = Release|Any CPU
		{3CB66C25-EE7A-4E45-ADF6-0AED586C87E6}.Debug|Any CPU.ActiveCfg = Debug|Any CPU
		{3CB66C25-EE7A-4E45-ADF6-0AED586C87E6}.Debug|Any CPU.Build.0 = Debug|Any CPU
		{3CB66C25-EE7A-4E45-ADF6-0AED586C87E6}.Release|Any CPU.ActiveCfg = Release|Any CPU
		{3CB66C25-EE7A-4E45-ADF6-0AED586C87E6}.Release|Any CPU.Build.0 = Release|Any CPU
		{E38B4835-942F-4084-A5DD-824430FAA2DF}.Debug|Any CPU.ActiveCfg = Debug|Any CPU
		{E38B4835-942F-4084-A5DD-824430FAA2DF}.Debug|Any CPU.Build.0 = Debug|Any CPU
		{E38B4835-942F-4084-A5DD-824430FAA2DF}.Release|Any CPU.ActiveCfg = Release|Any CPU
		{E38B4835-942F-4084-A5DD-824430FAA2DF}.Release|Any CPU.Build.0 = Release|Any CPU
		{03C19998-0B17-4D37-BE37-7009A2A8DE1D}.Debug|Any CPU.ActiveCfg = Debug|Any CPU
		{03C19998-0B17-4D37-BE37-7009A2A8DE1D}.Debug|Any CPU.Build.0 = Debug|Any CPU
		{03C19998-0B17-4D37-BE37-7009A2A8DE1D}.Release|Any CPU.ActiveCfg = Release|Any CPU
		{03C19998-0B17-4D37-BE37-7009A2A8DE1D}.Release|Any CPU.Build.0 = Release|Any CPU
		{C7ADD191-1064-412E-A39F-B26247678B2D}.Debug|Any CPU.ActiveCfg = Debug|Any CPU
		{C7ADD191-1064-412E-A39F-B26247678B2D}.Debug|Any CPU.Build.0 = Debug|Any CPU
		{C7ADD191-1064-412E-A39F-B26247678B2D}.Release|Any CPU.ActiveCfg = Release|Any CPU
		{C7ADD191-1064-412E-A39F-B26247678B2D}.Release|Any CPU.Build.0 = Release|Any CPU
		{0537DFE1-E264-4E8F-9632-5B7563EC5438}.Debug|Any CPU.ActiveCfg = Debug|Any CPU
		{0537DFE1-E264-4E8F-9632-5B7563EC5438}.Debug|Any CPU.Build.0 = Debug|Any CPU
		{0537DFE1-E264-4E8F-9632-5B7563EC5438}.Release|Any CPU.ActiveCfg = Release|Any CPU
		{0537DFE1-E264-4E8F-9632-5B7563EC5438}.Release|Any CPU.Build.0 = Release|Any CPU
		{7540B41F-45C2-4361-BFA7-159A1773B4D2}.Debug|Any CPU.ActiveCfg = Debug|Any CPU
		{7540B41F-45C2-4361-BFA7-159A1773B4D2}.Debug|Any CPU.Build.0 = Debug|Any CPU
		{7540B41F-45C2-4361-BFA7-159A1773B4D2}.Release|Any CPU.ActiveCfg = Release|Any CPU
		{7540B41F-45C2-4361-BFA7-159A1773B4D2}.Release|Any CPU.Build.0 = Release|Any CPU
		{DAC8A296-1314-45B8-A288-73ACA1A18C77}.Debug|Any CPU.ActiveCfg = Debug|Any CPU
		{DAC8A296-1314-45B8-A288-73ACA1A18C77}.Debug|Any CPU.Build.0 = Debug|Any CPU
		{DAC8A296-1314-45B8-A288-73ACA1A18C77}.Release|Any CPU.ActiveCfg = Release|Any CPU
		{DAC8A296-1314-45B8-A288-73ACA1A18C77}.Release|Any CPU.Build.0 = Release|Any CPU
		{D5C99209-3D2D-42C4-B649-21AA0BE25A9A}.Debug|Any CPU.ActiveCfg = Debug|Any CPU
		{D5C99209-3D2D-42C4-B649-21AA0BE25A9A}.Debug|Any CPU.Build.0 = Debug|Any CPU
		{D5C99209-3D2D-42C4-B649-21AA0BE25A9A}.Release|Any CPU.ActiveCfg = Release|Any CPU
		{D5C99209-3D2D-42C4-B649-21AA0BE25A9A}.Release|Any CPU.Build.0 = Release|Any CPU
		{2C927194-8F48-448E-A8D3-07E68A5DCAF7}.Debug|Any CPU.ActiveCfg = Debug|Any CPU
		{2C927194-8F48-448E-A8D3-07E68A5DCAF7}.Debug|Any CPU.Build.0 = Debug|Any CPU
		{2C927194-8F48-448E-A8D3-07E68A5DCAF7}.Release|Any CPU.ActiveCfg = Release|Any CPU
		{2C927194-8F48-448E-A8D3-07E68A5DCAF7}.Release|Any CPU.Build.0 = Release|Any CPU
		{D513D1C9-844E-48DB-ACF1-5471F526899E}.Debug|Any CPU.ActiveCfg = Debug|Any CPU
		{D513D1C9-844E-48DB-ACF1-5471F526899E}.Debug|Any CPU.Build.0 = Debug|Any CPU
		{D513D1C9-844E-48DB-ACF1-5471F526899E}.Release|Any CPU.ActiveCfg = Release|Any CPU
		{D513D1C9-844E-48DB-ACF1-5471F526899E}.Release|Any CPU.Build.0 = Release|Any CPU
		{B6E875F5-C8F0-4DBA-851C-8328AADE789D}.Debug|Any CPU.ActiveCfg = Debug|Any CPU
		{B6E875F5-C8F0-4DBA-851C-8328AADE789D}.Debug|Any CPU.Build.0 = Debug|Any CPU
		{B6E875F5-C8F0-4DBA-851C-8328AADE789D}.Release|Any CPU.ActiveCfg = Release|Any CPU
		{B6E875F5-C8F0-4DBA-851C-8328AADE789D}.Release|Any CPU.Build.0 = Release|Any CPU
		{C58DD292-300A-4F34-A18D-C28E711A4412}.Debug|Any CPU.ActiveCfg = Debug|Any CPU
		{C58DD292-300A-4F34-A18D-C28E711A4412}.Debug|Any CPU.Build.0 = Debug|Any CPU
		{C58DD292-300A-4F34-A18D-C28E711A4412}.Release|Any CPU.ActiveCfg = Release|Any CPU
		{C58DD292-300A-4F34-A18D-C28E711A4412}.Release|Any CPU.Build.0 = Release|Any CPU
		{1B891A52-85AF-42AF-A231-2A50F1933611}.Debug|Any CPU.ActiveCfg = Debug|Any CPU
		{1B891A52-85AF-42AF-A231-2A50F1933611}.Debug|Any CPU.Build.0 = Debug|Any CPU
		{1B891A52-85AF-42AF-A231-2A50F1933611}.Release|Any CPU.ActiveCfg = Release|Any CPU
		{1B891A52-85AF-42AF-A231-2A50F1933611}.Release|Any CPU.Build.0 = Release|Any CPU
		{C3E8063C-1609-4050-95AC-957A543A8222}.Debug|Any CPU.ActiveCfg = Debug|Any CPU
		{C3E8063C-1609-4050-95AC-957A543A8222}.Debug|Any CPU.Build.0 = Debug|Any CPU
		{C3E8063C-1609-4050-95AC-957A543A8222}.Release|Any CPU.ActiveCfg = Release|Any CPU
		{C3E8063C-1609-4050-95AC-957A543A8222}.Release|Any CPU.Build.0 = Release|Any CPU
		{66845AA2-67A4-4D13-954E-EBC1815F9C8A}.Debug|Any CPU.ActiveCfg = Debug|Any CPU
		{66845AA2-67A4-4D13-954E-EBC1815F9C8A}.Debug|Any CPU.Build.0 = Debug|Any CPU
		{66845AA2-67A4-4D13-954E-EBC1815F9C8A}.Release|Any CPU.ActiveCfg = Release|Any CPU
		{66845AA2-67A4-4D13-954E-EBC1815F9C8A}.Release|Any CPU.Build.0 = Release|Any CPU
		{B1997C89-B7DE-4396-B67E-D79B016FE07D}.Debug|Any CPU.ActiveCfg = Debug|Any CPU
		{B1997C89-B7DE-4396-B67E-D79B016FE07D}.Debug|Any CPU.Build.0 = Debug|Any CPU
		{B1997C89-B7DE-4396-B67E-D79B016FE07D}.Release|Any CPU.ActiveCfg = Release|Any CPU
		{B1997C89-B7DE-4396-B67E-D79B016FE07D}.Release|Any CPU.Build.0 = Release|Any CPU
	EndGlobalSection
	GlobalSection(SolutionProperties) = preSolution
		HideSolutionNode = FALSE
	EndGlobalSection
	GlobalSection(NestedProjects) = preSolution
		{726FE6E4-B895-485E-81C7-65D42EB377F8} = {7DF0A48B-419B-4710-B3BA-D87A5BD9551A}
		{74C944CD-BFCA-459D-8C72-5DB151BA224B} = {7DF0A48B-419B-4710-B3BA-D87A5BD9551A}
		{9AF2123A-0736-4DCF-BD52-E89A7DE189C3} = {7DF0A48B-419B-4710-B3BA-D87A5BD9551A}
		{652E3C30-8537-46F8-A3C9-B6498A699BA9} = {7DF0A48B-419B-4710-B3BA-D87A5BD9551A}
		{B12309E4-0891-409F-9562-BE35FF6698F3} = {7DF0A48B-419B-4710-B3BA-D87A5BD9551A}
		{524878D8-55A8-4A43-9303-C736B3D92E92} = {1279F548-3245-47AF-A03F-136982438372}
		{29547DCB-E211-49BF-A1FB-FA6CB59DFA21} = {1279F548-3245-47AF-A03F-136982438372}
		{FE979471-CA09-4AFC-AA8A-3807F167AD64} = {1279F548-3245-47AF-A03F-136982438372}
		{962F23DF-5AD1-438C-A683-F622E6FFCFDB} = {1279F548-3245-47AF-A03F-136982438372}
		{39330D8C-AB2A-4339-A745-7E859156808C} = {1279F548-3245-47AF-A03F-136982438372}
		{635C1698-3D9F-4BF2-8C03-B811E53DABF4} = {1279F548-3245-47AF-A03F-136982438372}
		{10F5341A-64C2-4590-8555-ED1D641C8010} = {C4E304E7-23C5-4319-8EE0-A1186E04F2A3}
		{023EA762-1CA7-4B99-8F87-C36F3300EA0C} = {C4E304E7-23C5-4319-8EE0-A1186E04F2A3}
		{BF8CBE93-55CF-4086-AAD1-70BD5D171868} = {C4E304E7-23C5-4319-8EE0-A1186E04F2A3}
		{FC4FE6EE-C523-47DC-B2A7-CC6E82CB7BC3} = {C4E304E7-23C5-4319-8EE0-A1186E04F2A3}
		{6511C1C8-951E-4206-B8E0-0C8DC68A79A6} = {C4E304E7-23C5-4319-8EE0-A1186E04F2A3}
		{2B2C2F7E-B66C-40D2-A5A5-16E8DF780389} = {7FE6510F-06AA-4012-8575-5F510675D20F}
		{BA653545-6F95-49C8-A5F8-7E7DC01D5DC9} = {7FE6510F-06AA-4012-8575-5F510675D20F}
		{3D2B7AFE-630C-4BC6-B20C-6326F93FD5E4} = {7FE6510F-06AA-4012-8575-5F510675D20F}
		{D54E70D9-2BCF-4F46-9B9D-77FC48E6F110} = {C96D3D17-9FA5-4F9E-ABCD-9C0C369CC3F8}
		{F04EFAA7-DCF9-4AFD-9B77-317F7AAC2472} = {C96D3D17-9FA5-4F9E-ABCD-9C0C369CC3F8}
		{B968847A-BB92-46EE-A8C4-B119F0DD72E8} = {C96D3D17-9FA5-4F9E-ABCD-9C0C369CC3F8}
		{30222B8B-1268-46DB-B4B7-286C067A7C84} = {C96D3D17-9FA5-4F9E-ABCD-9C0C369CC3F8}
		{C215238B-4082-4D7E-B18F-278CE7176AEE} = {E1DFE9E7-BB81-4AB7-93C3-1793F222D392}
		{EB3ED159-C53D-4C10-892E-14D1051516C6} = {E1DFE9E7-BB81-4AB7-93C3-1793F222D392}
		{5DB7C95B-9205-40C7-9BC8-8213EA8F7BFF} = {2211BC8B-7217-4F9E-B88D-FB7B2E377242}
		{EF6F5E68-9A9C-4F0B-8734-4CAD15E4FED5} = {9C0BFCD5-0D4D-400E-9519-6420685C5A38}
		{E3DF8D37-66C5-4735-84EF-BA7C5B7EBC24} = {9C0BFCD5-0D4D-400E-9519-6420685C5A38}
		{85688A25-6D96-4755-910C-43B5D88F1B75} = {9C0BFCD5-0D4D-400E-9519-6420685C5A38}
		{76D05CB8-6621-40F3-95C1-6913DD6C4FE6} = {500D6C13-9FD9-4B10-A5CF-33E1DA550284}
		{34652167-3F26-46FA-9B14-A2C9E8D384FC} = {500D6C13-9FD9-4B10-A5CF-33E1DA550284}
		{2A43D2CB-7953-41E3-B825-69BA09EC091D} = {500D6C13-9FD9-4B10-A5CF-33E1DA550284}
		{C84D7754-B4F2-4730-B3ED-F832D8AFCE8A} = {500D6C13-9FD9-4B10-A5CF-33E1DA550284}
		{3E020983-377E-42AF-BFE7-F36FAFB4C31C} = {500D6C13-9FD9-4B10-A5CF-33E1DA550284}
		{395438A4-1102-4B09-B1CC-06142FDD6535} = {500D6C13-9FD9-4B10-A5CF-33E1DA550284}
		{0D02762C-5EB0-467A-907A-E5E2D8E4BD63} = {500D6C13-9FD9-4B10-A5CF-33E1DA550284}
		{01E1BED5-783D-4C43-83A5-1DED04BA1599} = {C9DB30E9-A61F-471C-9AAB-428A3B1C3A12}
		{E2678D81-D6C7-4228-A853-C913CCDB1982} = {C9DB30E9-A61F-471C-9AAB-428A3B1C3A12}
		{7B735931-E8AA-4053-93DD-24D64151C8B5} = {C9DB30E9-A61F-471C-9AAB-428A3B1C3A12}
		{396207D7-E964-4725-AAD6-A0EB973C49BB} = {DC9B2F39-36E1-410E-910C-AF9C0F7EB3CF}
		{48ADFEDF-4C79-42A2-A0C6-BC7DD696C1A9} = {DC9B2F39-36E1-410E-910C-AF9C0F7EB3CF}
		{D578171C-F827-45A7-8C49-B959934796F9} = {DC9B2F39-36E1-410E-910C-AF9C0F7EB3CF}
		{5FB6AC2A-23FA-4A95-8A37-9837B0366626} = {DC9B2F39-36E1-410E-910C-AF9C0F7EB3CF}
		{3CB66C25-EE7A-4E45-ADF6-0AED586C87E6} = {DC9B2F39-36E1-410E-910C-AF9C0F7EB3CF}
		{E38B4835-942F-4084-A5DD-824430FAA2DF} = {DC9B2F39-36E1-410E-910C-AF9C0F7EB3CF}
		{03C19998-0B17-4D37-BE37-7009A2A8DE1D} = {F3759490-DD90-40CB-9534-529256B13C3D}
		{C7ADD191-1064-412E-A39F-B26247678B2D} = {F3759490-DD90-40CB-9534-529256B13C3D}
		{0537DFE1-E264-4E8F-9632-5B7563EC5438} = {E36DEC55-5A61-485C-9BF3-B9BB0ACF604F}
		{7540B41F-45C2-4361-BFA7-159A1773B4D2} = {E36DEC55-5A61-485C-9BF3-B9BB0ACF604F}
		{DAC8A296-1314-45B8-A288-73ACA1A18C77} = {939AB87B-AD3A-4EDB-82ED-B13E5CE1B326}
		{D5C99209-3D2D-42C4-B649-21AA0BE25A9A} = {939AB87B-AD3A-4EDB-82ED-B13E5CE1B326}
		{2C927194-8F48-448E-A8D3-07E68A5DCAF7} = {E73973E2-6CE5-4A27-8AD7-F787FEBE259D}
		{D513D1C9-844E-48DB-ACF1-5471F526899E} = {E73973E2-6CE5-4A27-8AD7-F787FEBE259D}
		{B6E875F5-C8F0-4DBA-851C-8328AADE789D} = {E73973E2-6CE5-4A27-8AD7-F787FEBE259D}
		{C58DD292-300A-4F34-A18D-C28E711A4412} = {E73973E2-6CE5-4A27-8AD7-F787FEBE259D}
		{1B891A52-85AF-42AF-A231-2A50F1933611} = {6108DEEF-72C4-4DEB-8213-89017FFE23E4}
		{C3E8063C-1609-4050-95AC-957A543A8222} = {6108DEEF-72C4-4DEB-8213-89017FFE23E4}
		{66845AA2-67A4-4D13-954E-EBC1815F9C8A} = {75A973A9-81E6-4EDF-B3ED-E2598F9B16CE}
		{B1997C89-B7DE-4396-B67E-D79B016FE07D} = {75A973A9-81E6-4EDF-B3ED-E2598F9B16CE}
	EndGlobalSection
	GlobalSection(ExtensibilityGlobals) = postSolution
		SolutionGuid = {56F612F8-C881-4C24-AA08-9373898BEE08}
	EndGlobalSection
EndGlobal
